
Microsoft Visual Studio Solution File, Format Version 12.00
# Visual Studio Version 17
VisualStudioVersion = 17.9.34723.18
MinimumVisualStudioVersion = 10.0.40219.1
Project("{FAE04EC0-301F-11D3-BF4B-00C04F79EFBC}") = "WpfApp28", "WpfApp28\WpfApp28.csproj", "{A80C096A-AC69-4011-83F2-5CFED1EDF6B5}"
EndProject
Global
	GlobalSection(SolutionConfigurationPlatforms) = preSolution
		Debug|Any CPU = Debug|Any CPU
		Release|Any CPU = Release|Any CPU
	EndGlobalSection
	GlobalSection(ProjectConfigurationPlatforms) = postSolution
		{A80C096A-AC69-4011-83F2-5CFED1EDF6B5}.Debug|Any CPU.ActiveCfg = Debug|Any CPU
		{A80C096A-AC69-4011-83F2-5CFED1EDF6B5}.Debug|Any CPU.Build.0 = Debug|Any CPU
		{A80C096A-AC69-4011-83F2-5CFED1EDF6B5}.Release|Any CPU.ActiveCfg = Release|Any CPU
		{A80C096A-AC69-4011-83F2-5CFED1EDF6B5}.Release|Any CPU.Build.0 = Release|Any CPU
	EndGlobalSection
	GlobalSection(SolutionProperties) = preSolution
		HideSolutionNode = FALSE
	EndGlobalSection
	GlobalSection(ExtensibilityGlobals) = postSolution
		SolutionGuid = {3F964387-4B96-47CE-B499-A43B974D2910}
	EndGlobalSection
EndGlobal
